# THIS IS AN AUTOGENERATED FILE. DO NOT EDIT THIS FILE DIRECTLY.
# yarn lockfile v1


"@types/prop-types@*":
  version "15.7.0"
  resolved "https://registry.yarnpkg.com/@types/prop-types/-/prop-types-15.7.0.tgz#4c48fed958d6dcf9487195a0ef6456d5f6e0163a"
  integrity sha512-eItQyV43bj4rR3JPV0Skpl1SncRCdziTEK9/v8VwXmV6d/qOUO8/EuWeHBbCZcsfSHfzI5UyMJLCSXtxxznyZg==

"@types/react-infinite-scroll-component@^4.2.3":
  version "4.2.3"
  resolved "https://registry.yarnpkg.com/@types/react-infinite-scroll-component/-/react-infinite-scroll-component-4.2.3.tgz#4148e2948ad34b8c67dfb10b20e0a7a79f2b917d"
  integrity sha512-z+OdWU6Uno1QZt0EbQjQA3pWkYByMxvXg0m2j5IG1zqQGRx6InbRDhu3rW4XzmOgHgp6ik5Mw7toCjrfqKxHNw==
  dependencies:
    "@types/react" "*"

"@types/react-infinite@^0.0.34":
  version "0.0.34"
  resolved "https://registry.yarnpkg.com/@types/react-infinite/-/react-infinite-0.0.34.tgz#0b514f65c4ba80ad22dea079075e04345ddcaae2"
  integrity sha512-QymnFjmUUjeqhT8ztQpK5dmNgCGv+FSB5IsImj5OwXpz58xIrnucIJZtF3ZqjyfmCEMBGUpnQZHh5Mkc2Yhj8w==
  dependencies:
    "@types/react" "*"

"@types/react-lazyload@^2.3.1":
  version "2.3.1"
  resolved "https://registry.yarnpkg.com/@types/react-lazyload/-/react-lazyload-2.3.1.tgz#6a1814432f668081ff693abfa8e09bff09aa3649"
  integrity sha512-A6JP3TWmWP7I7V1yIme0yIZGHj+6Lhf9kos3A6eRw9ADy1eK3poP3XC0o6KBWvBHZbHJXoZAAni+mX6GE4dMKg==
  dependencies:
    "@types/react" "*"

"@types/react@*":
  version "16.8.6"
  resolved "https://registry.yarnpkg.com/@types/react/-/react-16.8.6.tgz#fa1de3fe56cc9b6afeddc73d093d7f30fd5e31cc"
  integrity sha512-bN9qDjEMltmHrl0PZRI4IF2AbB7V5UlRfG+OOduckVnRQ4VzXVSzy/1eLAh778IEqhTnW0mmgL9yShfinNverA==
  dependencies:
    "@types/prop-types" "*"
    csstype "^2.2.0"

asap@~2.0.3:
  version "2.0.6"
  resolved "https://registry.yarnpkg.com/asap/-/asap-2.0.6.tgz#e50347611d7e690943208bbdafebcbc2fb866d46"
  integrity sha1-5QNHYR1+aQlDIIu9r+vLwvuGbUY=

core-js@^1.0.0:
  version "1.2.7"
  resolved "https://registry.yarnpkg.com/core-js/-/core-js-1.2.7.tgz#652294c14651db28fa93bd2d5ff2983a4f08c636"
  integrity sha1-ZSKUwUZR2yj6k70tX/KYOk8IxjY=

csstype@^2.2.0:
  version "2.6.2"
  resolved "https://registry.yarnpkg.com/csstype/-/csstype-2.6.2.tgz#3043d5e065454579afc7478a18de41909c8a2f01"
  integrity sha512-Rl7PvTae0pflc1YtxtKbiSqq20Ts6vpIYOD5WBafl4y123DyHUeLrRdQP66sQW8/6gmX8jrYJLXwNeMqYVJcow==

define-properties@^1.1.2, define-properties@^1.1.3:
  version "1.1.3"
  resolved "https://registry.yarnpkg.com/define-properties/-/define-properties-1.1.3.tgz#cf88da6cbee26fe6db7094f61d870cbd84cee9f1"
  integrity sha512-3MqfYKj2lLzdMSf8ZIZE/V+Zuy+BgD6f164e8K2w7dgnpKArBDerGYpM46IYYcjnkdPNMjPk9A6VFB8+3SKlXQ==
  dependencies:
    object-keys "^1.0.12"

encoding@^0.1.11:
  version "0.1.12"
  resolved "https://registry.yarnpkg.com/encoding/-/encoding-0.1.12.tgz#538b66f3ee62cd1ab51ec323829d1f9480c74beb"
  integrity sha1-U4tm8+5izRq1HsMjgp0flIDHS+s=
  dependencies:
    iconv-lite "~0.4.13"

enzyme-adapter-react-16@1.1.1:
  version "1.1.1"
  resolved "https://registry.yarnpkg.com/enzyme-adapter-react-16/-/enzyme-adapter-react-16-1.1.1.tgz#a8f4278b47e082fbca14f5bfb1ee50ee650717b4"
  integrity sha512-kC8pAtU2Jk3OJ0EG8Y2813dg9Ol0TXi7UNxHzHiWs30Jo/hj7alc//G1YpKUsPP1oKl9X+Lkx+WlGJpPYA+nvw==
  dependencies:
    enzyme-adapter-utils "^1.3.0"
    lodash "^4.17.4"
    object.assign "^4.0.4"
    object.values "^1.0.4"
    prop-types "^15.6.0"
    react-reconciler "^0.7.0"
    react-test-renderer "^16.0.0-0"

enzyme-adapter-utils@^1.3.0:
  version "1.10.0"
  resolved "https://registry.yarnpkg.com/enzyme-adapter-utils/-/enzyme-adapter-utils-1.10.0.tgz#5836169f68b9e8733cb5b69cad5da2a49e34f550"
  integrity sha512-VnIXJDYVTzKGbdW+lgK8MQmYHJquTQZiGzu/AseCZ7eHtOMAj4Rtvk8ZRopodkfPves0EXaHkXBDkVhPa3t0jA==
  dependencies:
    function.prototype.name "^1.1.0"
    object.assign "^4.1.0"
    object.fromentries "^2.0.0"
    prop-types "^15.6.2"
    semver "^5.6.0"

es-abstract@^1.11.0, es-abstract@^1.12.0:
  version "1.13.0"
  resolved "https://registry.yarnpkg.com/es-abstract/-/es-abstract-1.13.0.tgz#ac86145fdd5099d8dd49558ccba2eaf9b88e24e9"
  integrity sha512-vDZfg/ykNxQVwup/8E1BZhVzFfBxs9NqMzGcvIJrqg5k2/5Za2bWo40dK2J1pgLngZ7c+Shh8lwYtLGyrwPutg==
  dependencies:
    es-to-primitive "^1.2.0"
    function-bind "^1.1.1"
    has "^1.0.3"
    is-callable "^1.1.4"
    is-regex "^1.0.4"
    object-keys "^1.0.12"

es-to-primitive@^1.2.0:
  version "1.2.0"
  resolved "https://registry.yarnpkg.com/es-to-primitive/-/es-to-primitive-1.2.0.tgz#edf72478033456e8dda8ef09e00ad9650707f377"
  integrity sha512-qZryBOJjV//LaxLTV6UC//WewneB3LcXOL9NP++ozKVXsIIIpm/2c13UDiD9Jp2eThsecw9m3jPqDwTyobcdbg==
  dependencies:
    is-callable "^1.1.4"
    is-date-object "^1.0.1"
    is-symbol "^1.0.2"

fbjs@^0.8.16:
  version "0.8.17"
  resolved "https://registry.yarnpkg.com/fbjs/-/fbjs-0.8.17.tgz#c4d598ead6949112653d6588b01a5cdcd9f90fdd"
  integrity sha1-xNWY6taUkRJlPWWIsBpc3Nn5D90=
  dependencies:
    core-js "^1.0.0"
    isomorphic-fetch "^2.1.1"
    loose-envify "^1.0.0"
    object-assign "^4.1.0"
    promise "^7.1.1"
    setimmediate "^1.0.5"
    ua-parser-js "^0.7.18"

function-bind@^1.1.1:
  version "1.1.1"
  resolved "https://registry.yarnpkg.com/function-bind/-/function-bind-1.1.1.tgz#a56899d3ea3c9bab874bb9773b7c5ede92f4895d"
  integrity sha512-yIovAzMX49sF8Yl58fSCWJ5svSLuaibPxXQJFLmBObTuCr0Mf1KiPopGM9NiFjiYBCbfaa2Fh6breQ6ANVTI0A==

function.prototype.name@^1.1.0:
  version "1.1.0"
  resolved "https://registry.yarnpkg.com/function.prototype.name/-/function.prototype.name-1.1.0.tgz#8bd763cc0af860a859cc5d49384d74b932cd2327"
  integrity sha512-Bs0VRrTz4ghD8pTmbJQD1mZ8A/mN0ur/jGz+A6FBxPDUPkm1tNfF6bhTYPA7i7aF4lZJVr+OXTNNrnnIl58Wfg==
  dependencies:
    define-properties "^1.1.2"
    function-bind "^1.1.1"
    is-callable "^1.1.3"

has-symbols@^1.0.0:
  version "1.0.0"
  resolved "https://registry.yarnpkg.com/has-symbols/-/has-symbols-1.0.0.tgz#ba1a8f1af2a0fc39650f5c850367704122063b44"
  integrity sha1-uhqPGvKg/DllD1yFA2dwQSIGO0Q=

has@^1.0.1, has@^1.0.3:
  version "1.0.3"
  resolved "https://registry.yarnpkg.com/has/-/has-1.0.3.tgz#722d7cbfc1f6aa8241f16dd814e011e1f41e8796"
  integrity sha512-f2dvO0VU6Oej7RkWJGrehjbzMAjFp5/VKPp5tTpWIV4JHHZK1/BxbFRtf/siA2SWTe09caDmVtYYzWEIbBS4zw==
  dependencies:
    function-bind "^1.1.1"

iconv-lite@~0.4.13:
  version "0.4.24"
  resolved "https://registry.yarnpkg.com/iconv-lite/-/iconv-lite-0.4.24.tgz#2022b4b25fbddc21d2f524974a474aafe733908b"
  integrity sha512-v3MXnZAcvnywkTUEZomIActle7RXXeedOR31wwl7VlyoXO4Qi9arvSenNQWne1TcRwhCL1HwLI21bEqdpj8/rA==
  dependencies:
    safer-buffer ">= 2.1.2 < 3"

is-callable@^1.1.3, is-callable@^1.1.4:
  version "1.1.4"
  resolved "https://registry.yarnpkg.com/is-callable/-/is-callable-1.1.4.tgz#1e1adf219e1eeb684d691f9d6a05ff0d30a24d75"
  integrity sha512-r5p9sxJjYnArLjObpjA4xu5EKI3CuKHkJXMhT7kwbpUyIFD1n5PMAsoPvWnvtZiNz7LjkYDRZhd7FlI0eMijEA==

is-date-object@^1.0.1:
  version "1.0.1"
  resolved "https://registry.yarnpkg.com/is-date-object/-/is-date-object-1.0.1.tgz#9aa20eb6aeebbff77fbd33e74ca01b33581d3a16"
  integrity sha1-mqIOtq7rv/d/vTPnTKAbM1gdOhY=

is-regex@^1.0.4:
  version "1.0.4"
  resolved "https://registry.yarnpkg.com/is-regex/-/is-regex-1.0.4.tgz#5517489b547091b0930e095654ced25ee97e9491"
  integrity sha1-VRdIm1RwkbCTDglWVM7SXul+lJE=
  dependencies:
    has "^1.0.1"

is-stream@^1.0.1:
  version "1.1.0"
  resolved "https://registry.yarnpkg.com/is-stream/-/is-stream-1.1.0.tgz#12d4a3dd4e68e0b79ceb8dbc84173ae80d91ca44"
  integrity sha1-EtSj3U5o4Lec6428hBc66A2RykQ=

is-symbol@^1.0.2:
  version "1.0.2"
  resolved "https://registry.yarnpkg.com/is-symbol/-/is-symbol-1.0.2.tgz#a055f6ae57192caee329e7a860118b497a950f38"
  integrity sha512-HS8bZ9ox60yCJLH9snBpIwv9pYUAkcuLhSA1oero1UB5y9aiQpRA8y2ex945AOtCZL1lJDeIk3G5LthswI46Lw==
  dependencies:
    has-symbols "^1.0.0"

isomorphic-fetch@^2.1.1:
  version "2.2.1"
  resolved "https://registry.yarnpkg.com/isomorphic-fetch/-/isomorphic-fetch-2.2.1.tgz#611ae1acf14f5e81f729507472819fe9733558a9"
  integrity sha1-YRrhrPFPXoH3KVB0coGf6XM1WKk=
  dependencies:
    node-fetch "^1.0.1"
    whatwg-fetch ">=0.10.0"

"js-tokens@^3.0.0 || ^4.0.0":
  version "4.0.0"
  resolved "https://registry.yarnpkg.com/js-tokens/-/js-tokens-4.0.0.tgz#19203fb59991df98e3a287050d4647cdeaf32499"
  integrity sha512-RdJUflcE3cUzKiMqQgsCu06FPu9UdIJO0beYbPhHN4k6apgJtifcoCtT9bcxOpYBtpD2kCM6Sbzg4CausW/PKQ==

lodash.isarray@3.0.4:
  version "3.0.4"
  resolved "https://registry.yarnpkg.com/lodash.isarray/-/lodash.isarray-3.0.4.tgz#79e4eb88c36a8122af86f844aa9bcd851b5fbb55"
  integrity sha1-eeTriMNqgSKvhvhEqpvNhRtfu1U=

lodash.isfinite@3.2.0:
  version "3.2.0"
  resolved "https://registry.yarnpkg.com/lodash.isfinite/-/lodash.isfinite-3.2.0.tgz#aa69ffb93a37e82fab0ce18862655f9174ced339"
  integrity sha1-qmn/uTo36C+rDOGIYmVfkXTO0zk=

lodash@^4.17.4:
  version "4.17.11"
  resolved "https://registry.yarnpkg.com/lodash/-/lodash-4.17.11.tgz#b39ea6229ef607ecd89e2c8df12536891cac9b8d"
  integrity sha512-cQKh8igo5QUhZ7lg38DYWAxMvjSAKG0A8wGSVimP07SIUEK2UO+arSRKbRZWtelMtN5V0Hkwh5ryOto/SshYIg==

loose-envify@^1.0.0, loose-envify@^1.1.0, loose-envify@^1.4.0:
  version "1.4.0"
  resolved "https://registry.yarnpkg.com/loose-envify/-/loose-envify-1.4.0.tgz#71ee51fa7be4caec1a63839f7e682d8132d30caf"
  integrity sha512-lyuxPGr/Wfhrlem2CL/UcnUc1zcqKAImBDzukY7Y5F/yQiNdko6+fRLevlw1HgMySw7f611UIY408EtxRSoK3Q==
  dependencies:
    js-tokens "^3.0.0 || ^4.0.0"

node-fetch@^1.0.1:
  version "1.7.3"
  resolved "https://registry.yarnpkg.com/node-fetch/-/node-fetch-1.7.3.tgz#980f6f72d85211a5347c6b2bc18c5b84c3eb47ef"
  integrity sha512-NhZ4CsKx7cYm2vSrBAr2PvFOe6sWDf0UYLRqA6svUYg7+/TSfVAu49jYC4BvQ4Sms9SZgdqGBgroqfDhJdTyKQ==
  dependencies:
    encoding "^0.1.11"
    is-stream "^1.0.1"

object-assign@4.0.1:
  version "4.0.1"
  resolved "https://registry.yarnpkg.com/object-assign/-/object-assign-4.0.1.tgz#99504456c3598b5cad4fc59c26e8a9bb107fe0bd"
  integrity sha1-mVBEVsNZi1ytT8WcJuipuxB/4L0=

object-assign@^4.1.0, object-assign@^4.1.1:
  version "4.1.1"
  resolved "https://registry.yarnpkg.com/object-assign/-/object-assign-4.1.1.tgz#2109adc7965887cfc05cbbd442cac8bfbb360863"
  integrity sha1-IQmtx5ZYh8/AXLvUQsrIv7s2CGM=

object-keys@^1.0.11, object-keys@^1.0.12:
  version "1.1.0"
  resolved "https://registry.yarnpkg.com/object-keys/-/object-keys-1.1.0.tgz#11bd22348dd2e096a045ab06f6c85bcc340fa032"
  integrity sha512-6OO5X1+2tYkNyNEx6TsCxEqFfRWaqx6EtMiSbGrw8Ob8v9Ne+Hl8rBAgLBZn5wjEz3s/s6U1WXFUFOcxxAwUpg==

object.assign@^4.0.4, object.assign@^4.1.0:
  version "4.1.0"
  resolved "https://registry.yarnpkg.com/object.assign/-/object.assign-4.1.0.tgz#968bf1100d7956bb3ca086f006f846b3bc4008da"
  integrity sha512-exHJeq6kBKj58mqGyTQ9DFvrZC/eR6OwxzoM9YRoGBqrXYonaFyGiFMuc9VZrXf7DarreEwMpurG3dd+CNyW5w==
  dependencies:
    define-properties "^1.1.2"
    function-bind "^1.1.1"
    has-symbols "^1.0.0"
    object-keys "^1.0.11"

object.fromentries@^2.0.0:
  version "2.0.0"
  resolved "https://registry.yarnpkg.com/object.fromentries/-/object.fromentries-2.0.0.tgz#49a543d92151f8277b3ac9600f1e930b189d30ab"
  integrity sha512-9iLiI6H083uiqUuvzyY6qrlmc/Gz8hLQFOcb/Ri/0xXFkSNS3ctV+CbE6yM2+AnkYfOB3dGjdzC0wrMLIhQICA==
  dependencies:
    define-properties "^1.1.2"
    es-abstract "^1.11.0"
    function-bind "^1.1.1"
    has "^1.0.1"

object.values@^1.0.4:
  version "1.1.0"
  resolved "https://registry.yarnpkg.com/object.values/-/object.values-1.1.0.tgz#bf6810ef5da3e5325790eaaa2be213ea84624da9"
  integrity sha512-8mf0nKLAoFX6VlNVdhGj31SVYpaNFtUnuoOXWyFEstsWRgU837AK+JYM0iAxwkSzGRbwn8cbFmgbyxj1j4VbXg==
  dependencies:
    define-properties "^1.1.3"
    es-abstract "^1.12.0"
    function-bind "^1.1.1"
    has "^1.0.3"

promise@^7.1.1:
  version "7.3.1"
  resolved "https://registry.yarnpkg.com/promise/-/promise-7.3.1.tgz#064b72602b18f90f29192b8b1bc418ffd1ebd3bf"
  integrity sha512-nolQXZ/4L+bP/UGlkfaIujX9BKxGwmQ9OT4mOt5yvy8iK1h3wqTEJCijzGANTCCl9nWjY41juyAn2K3Q1hLLTg==
  dependencies:
    asap "~2.0.3"

prop-types@^15.6.0, prop-types@^15.6.2:
  version "15.7.2"
  resolved "https://registry.yarnpkg.com/prop-types/-/prop-types-15.7.2.tgz#52c41e75b8c87e72b9d9360e0206b99dcbffa6c5"
  integrity sha512-8QQikdH7//R2vurIJSutZ1smHYTcLpRWEOlHnzcWHmBYrOGUysKwSsrC89BCiFj3CbrfJ/nXFdJepOVrY1GCHQ==
  dependencies:
    loose-envify "^1.4.0"
    object-assign "^4.1.1"
    react-is "^16.8.1"

react-infinite-scroll-component@^4.5.1:
  version "4.5.1"
  resolved "https://registry.yarnpkg.com/react-infinite-scroll-component/-/react-infinite-scroll-component-4.5.1.tgz#dd5a9b3fdbca8f5be9926fb8d5e2552cca66ffe5"
  integrity sha512-UpkaLwMwdkRmWRjCizC1nARZ6ViGMbxVOuNd3ozWrxh3OsMwoUdctNcUG5VZehtzsvh+jFTR4Q6hTRe/I1Qd4A==

react-infinite@^0.13.0:
  version "0.13.0"
  resolved "https://registry.yarnpkg.com/react-infinite/-/react-infinite-0.13.0.tgz#a08f84d800f4a4af5f732724c61200d5142697ea"
  integrity sha512-sISd4IYKELmOrvCq9i3FaQo4HR+Bn49ufK0eYAWQAisQ87QWJ5tqiQvEzww+JJZryZVMFvBCuiV7RUn/MfeEww==
  dependencies:
    enzyme-adapter-react-16 "1.1.1"
    lodash.isarray "3.0.4"
    lodash.isfinite "3.2.0"
    object-assign "4.0.1"

react-is@^16.8.1, react-is@^16.8.3:
  version "16.8.3"
  resolved "https://registry.yarnpkg.com/react-is/-/react-is-16.8.3.tgz#4ad8b029c2a718fc0cfc746c8d4e1b7221e5387d"
  integrity sha512-Y4rC1ZJmsxxkkPuMLwvKvlL1Zfpbcu+Bf4ZigkHup3v9EfdYhAlWAaVyA19olXq2o2mGn0w+dFKvk3pVVlYcIA==

react-lazyload@^2.5.0:
  version "2.5.0"
  resolved "https://registry.yarnpkg.com/react-lazyload/-/react-lazyload-2.5.0.tgz#7ed20bf0408dc684c10e808060e51d904cc0ab8d"
  integrity sha512-RkEwpJDqEUVkXodxBXAI/UDyGYUBTZCU9kdG0Lwmg8BIv8zDvP+exFwUzc7wP4HX6n33CCsz+cjG2FpwdRoxpw==

react-reconciler@^0.7.0:
  version "0.7.0"
  resolved "https://registry.yarnpkg.com/react-reconciler/-/react-reconciler-0.7.0.tgz#9614894103e5f138deeeb5eabaf3ee80eb1d026d"
  integrity sha512-50JwZ3yNyMS8fchN+jjWEJOH3Oze7UmhxeoJLn2j6f3NjpfCRbcmih83XTWmzqtar/ivd5f7tvQhvvhism2fgg==
  dependencies:
    fbjs "^0.8.16"
    loose-envify "^1.1.0"
    object-assign "^4.1.1"
    prop-types "^15.6.0"

react-test-renderer@^16.0.0-0:
  version "16.8.3"
  resolved "https://registry.yarnpkg.com/react-test-renderer/-/react-test-renderer-16.8.3.tgz#230006af264cc46aeef94392e04747c21839e05e"
  integrity sha512-rjJGYebduKNZH0k1bUivVrRLX04JfIQ0FKJLPK10TAb06XWhfi4gTobooF9K/DEFNW98iGac3OSxkfIJUN9Mdg==
  dependencies:
    object-assign "^4.1.1"
    prop-types "^15.6.2"
    react-is "^16.8.3"
    scheduler "^0.13.3"

"safer-buffer@>= 2.1.2 < 3":
  version "2.1.2"
  resolved "https://registry.yarnpkg.com/safer-buffer/-/safer-buffer-2.1.2.tgz#44fa161b0187b9549dd84bb91802f9bd8385cd6a"
  integrity sha512-YZo3K82SD7Riyi0E1EQPojLz7kpepnSQI9IyPbHHg1XXXevb5dJI7tpyN2ADxGcQbHG7vcyRHk0cbwqcQriUtg==

scheduler@^0.13.3:
  version "0.13.3"
  resolved "https://registry.yarnpkg.com/scheduler/-/scheduler-0.13.3.tgz#bed3c5850f62ea9c716a4d781f9daeb9b2a58896"
  integrity sha512-UxN5QRYWtpR1egNWzJcVLk8jlegxAugswQc984lD3kU7NuobsO37/sRfbpTdBjtnD5TBNFA2Q2oLV5+UmPSmEQ==
  dependencies:
    loose-envify "^1.1.0"
    object-assign "^4.1.1"

semver@^5.6.0:
  version "5.6.0"
  resolved "https://registry.yarnpkg.com/semver/-/semver-5.6.0.tgz#7e74256fbaa49c75aa7c7a205cc22799cac80004"
  integrity sha512-RS9R6R35NYgQn++fkDWaOmqGoj4Ek9gGs+DPxNUZKuwE183xjJroKvyo1IzVFeXvUrvmALy6FWD5xrdJT25gMg==

setimmediate@^1.0.5:
  version "1.0.5"
  resolved "https://registry.yarnpkg.com/setimmediate/-/setimmediate-1.0.5.tgz#290cbb232e306942d7d7ea9b83732ab7856f8285"
  integrity sha1-KQy7Iy4waULX1+qbg3Mqt4VvgoU=

ua-parser-js@^0.7.18:
  version "0.7.19"
  resolved "https://registry.yarnpkg.com/ua-parser-js/-/ua-parser-js-0.7.19.tgz#94151be4c0a7fb1d001af7022fdaca4642659e4b"
  integrity sha512-T3PVJ6uz8i0HzPxOF9SWzWAlfN/DavlpQqepn22xgve/5QecC+XMCAtmUNnY7C9StehaV6exjUCI801lOI7QlQ==

whatwg-fetch@>=0.10.0:
  version "3.0.0"
  resolved "https://registry.yarnpkg.com/whatwg-fetch/-/whatwg-fetch-3.0.0.tgz#fc804e458cc460009b1a2b966bc8817d2578aefb"
  integrity sha512-9GSJUgz1D4MfyKU7KRqwOjXCXTqWdFNvEr7eUBYchQiVc744mqK/MzXPNR2WsPkmkOa4ywfg8C2n8h+13Bey1Q==
